
Microsoft Visual Studio Solution File, Format Version 12.00
# Visual Studio 14
VisualStudioVersion = 14.0.25420.1
MinimumVisualStudioVersion = 10.0.40219.1
Project("{FAE04EC0-301F-11D3-BF4B-00C04F79EFBC}") = "YH.Simulation Application", "YH.Simulation Application\YH.Simulation Application.csproj", "{204BB245-C6FF-4DF0-9E9C-DAB5172932E8}"
EndProject
Project("{FAE04EC0-301F-11D3-BF4B-00C04F79EFBC}") = "YH.Medical.Framework", "YH.Medical.Framework\YH.Medical.Framework.csproj", "{C9D47495-8041-4C47-A5AD-E45A56F5E0C9}"
EndProject
Project("{FAE04EC0-301F-11D3-BF4B-00C04F79EFBC}") = "YH.Simulator.Framework", "..\YH.Virtual Simulator Engine\YH.Simulator.Framework\YH.Simulator.Framework.csproj", "{6CB5B400-C32B-46F4-9B7E-5778B2B0617B}"
EndProject
Project("{FAE04EC0-301F-11D3-BF4B-00C04F79EFBC}") = "YH.Splash", "..\YH.Simulation Home\YH.Splash\YH.Splash.csproj", "{4EE23BD0-384E-4141-A32D-8250592F100F}"
EndProject
Project("{FAE04EC0-301F-11D3-BF4B-00C04F79EFBC}") = "YH.Language", "..\YH.Simulation Home\YH.Language\YH.Language.csproj", "{15F0DFF7-4A2B-4A66-838F-963A0A572EB6}"
EndProject
Project("{FAE04EC0-301F-11D3-BF4B-00C04F79EFBC}") = "YH.Licenser", "..\YH.Simulation Home\YH.Licenser\YH.Licenser.csproj", "{7623FFAE-3E39-4632-BD60-08A416266732}"
EndProject
Project("{FAE04EC0-301F-11D3-BF4B-00C04F79EFBC}") = "YH.Theme", "..\YH.Simulation Home\YH.Theme\YH.Theme.csproj", "{837988E6-EC7A-4FB4-9FA7-D0BD513F8122}"
EndProject
Project("{FAE04EC0-301F-11D3-BF4B-00C04F79EFBC}") = "YH.Connecter", "..\YH.Simulation Home\YH.Connecter\YH.Connecter.csproj", "{F36506E2-9A35-45E9-9ADD-A451BCC7039D}"
EndProject
Project("{FAE04EC0-301F-11D3-BF4B-00C04F79EFBC}") = "YH.Library", "..\YH.Simulation Home\YH.Library\YH.Library.csproj", "{057CEF2D-D1E8-40F9-AC89-93C2FC2B7B60}"
EndProject
Project("{FAE04EC0-301F-11D3-BF4B-00C04F79EFBC}") = "YH.Loading", "..\YH.Simulation Home\YH.Loading\YH.Loading.csproj", "{39B8D148-4227-41FA-80BA-70665D8760DD}"
EndProject
Global
	GlobalSection(SolutionConfigurationPlatforms) = preSolution
		Debug|Any CPU = Debug|Any CPU
		Debug|x86 = Debug|x86
		Release|Any CPU = Release|Any CPU
		Release|x86 = Release|x86
	EndGlobalSection
	GlobalSection(ProjectConfigurationPlatforms) = postSolution
		{204BB245-C6FF-4DF0-9E9C-DAB5172932E8}.Debug|Any CPU.ActiveCfg = Debug|Any CPU
		{204BB245-C6FF-4DF0-9E9C-DAB5172932E8}.Debug|Any CPU.Build.0 = Debug|Any CPU
		{204BB245-C6FF-4DF0-9E9C-DAB5172932E8}.Debug|x86.ActiveCfg = Debug|Any CPU
		{204BB245-C6FF-4DF0-9E9C-DAB5172932E8}.Debug|x86.Build.0 = Debug|Any CPU
		{204BB245-C6FF-4DF0-9E9C-DAB5172932E8}.Release|Any CPU.ActiveCfg = Release|Any CPU
		{204BB245-C6FF-4DF0-9E9C-DAB5172932E8}.Release|Any CPU.Build.0 = Release|Any CPU
		{204BB245-C6FF-4DF0-9E9C-DAB5172932E8}.Release|x86.ActiveCfg = Release|Any CPU
		{204BB245-C6FF-4DF0-9E9C-DAB5172932E8}.Release|x86.Build.0 = Release|Any CPU
		{C9D47495-8041-4C47-A5AD-E45A56F5E0C9}.Debug|Any CPU.ActiveCfg = Debug|Any CPU
		{C9D47495-8041-4C47-A5AD-E45A56F5E0C9}.Debug|Any CPU.Build.0 = Debug|Any CPU
		{C9D47495-8041-4C47-A5AD-E45A56F5E0C9}.Debug|x86.ActiveCfg = Debug|Any CPU
		{C9D47495-8041-4C47-A5AD-E45A56F5E0C9}.Debug|x86.Build.0 = Debug|Any CPU
		{C9D47495-8041-4C47-A5AD-E45A56F5E0C9}.Release|Any CPU.ActiveCfg = Release|Any CPU
		{C9D47495-8041-4C47-A5AD-E45A56F5E0C9}.Release|Any CPU.Build.0 = Release|Any CPU
		{C9D47495-8041-4C47-A5AD-E45A56F5E0C9}.Release|x86.ActiveCfg = Release|Any CPU
		{C9D47495-8041-4C47-A5AD-E45A56F5E0C9}.Release|x86.Build.0 = Release|Any CPU
		{6CB5B400-C32B-46F4-9B7E-5778B2B0617B}.Debug|Any CPU.ActiveCfg = Debug|Any CPU
		{6CB5B400-C32B-46F4-9B7E-5778B2B0617B}.Debug|Any CPU.Build.0 = Debug|Any CPU
		{6CB5B400-C32B-46F4-9B7E-5778B2B0617B}.Debug|x86.ActiveCfg = Debug|Any CPU
		{6CB5B400-C32B-46F4-9B7E-5778B2B0617B}.Debug|x86.Build.0 = Debug|Any CPU
		{6CB5B400-C32B-46F4-9B7E-5778B2B0617B}.Release|Any CPU.ActiveCfg = Release|Any CPU
		{6CB5B400-C32B-46F4-9B7E-5778B2B0617B}.Release|Any CPU.Build.0 = Release|Any CPU
		{6CB5B400-C32B-46F4-9B7E-5778B2B0617B}.Release|x86.ActiveCfg = Release|Any CPU
		{6CB5B400-C32B-46F4-9B7E-5778B2B0617B}.Release|x86.Build.0 = Release|Any CPU
		{4EE23BD0-384E-4141-A32D-8250592F100F}.Debug|Any CPU.ActiveCfg = Debug|Any CPU
		{4EE23BD0-384E-4141-A32D-8250592F100F}.Debug|Any CPU.Build.0 = Debug|Any CPU
		{4EE23BD0-384E-4141-A32D-8250592F100F}.Debug|x86.ActiveCfg = Debug|Any CPU
		{4EE23BD0-384E-4141-A32D-8250592F100F}.Debug|x86.Build.0 = Debug|Any CPU
		{4EE23BD0-384E-4141-A32D-8250592F100F}.Release|Any CPU.ActiveCfg = Release|Any CPU
		{4EE23BD0-384E-4141-A32D-8250592F100F}.Release|Any CPU.Build.0 = Release|Any CPU
		{4EE23BD0-384E-4141-A32D-8250592F100F}.Release|x86.ActiveCfg = Release|Any CPU
		{4EE23BD0-384E-4141-A32D-8250592F100F}.Release|x86.Build.0 = Release|Any CPU
		{15F0DFF7-4A2B-4A66-838F-963A0A572EB6}.Debug|Any CPU.ActiveCfg = Debug|Any CPU
		{15F0DFF7-4A2B-4A66-838F-963A0A572EB6}.Debug|Any CPU.Build.0 = Debug|Any CPU
		{15F0DFF7-4A2B-4A66-838F-963A0A572EB6}.Debug|x86.ActiveCfg = Debug|x86
		{15F0DFF7-4A2B-4A66-838F-963A0A572EB6}.Debug|x86.Build.0 = Debug|x86
		{15F0DFF7-4A2B-4A66-838F-963A0A572EB6}.Release|Any CPU.ActiveCfg = Release|Any CPU
		{15F0DFF7-4A2B-4A66-838F-963A0A572EB6}.Release|Any CPU.Build.0 = Release|Any CPU
		{15F0DFF7-4A2B-4A66-838F-963A0A572EB6}.Release|x86.ActiveCfg = Release|x86
		{15F0DFF7-4A2B-4A66-838F-963A0A572EB6}.Release|x86.Build.0 = Release|x86
		{7623FFAE-3E39-4632-BD60-08A416266732}.Debug|Any CPU.ActiveCfg = Debug|Any CPU
		{7623FFAE-3E39-4632-BD60-08A416266732}.Debug|Any CPU.Build.0 = Debug|Any CPU
		{7623FFAE-3E39-4632-BD60-08A416266732}.Debug|x86.ActiveCfg = Debug|Any CPU
		{7623FFAE-3E39-4632-BD60-08A416266732}.Debug|x86.Build.0 = Debug|Any CPU
		{7623FFAE-3E39-4632-BD60-08A416266732}.Release|Any CPU.ActiveCfg = Release|Any CPU
		{7623FFAE-3E39-4632-BD60-08A416266732}.Release|Any CPU.Build.0 = Release|Any CPU
		{7623FFAE-3E39-4632-BD60-08A416266732}.Release|x86.ActiveCfg = Release|Any CPU
		{7623FFAE-3E39-4632-BD60-08A416266732}.Release|x86.Build.0 = Release|Any CPU
		{837988E6-EC7A-4FB4-9FA7-D0BD513F8122}.Debug|Any CPU.ActiveCfg = Debug|Any CPU
		{837988E6-EC7A-4FB4-9FA7-D0BD513F8122}.Debug|Any CPU.Build.0 = Debug|Any CPU
		{837988E6-EC7A-4FB4-9FA7-D0BD513F8122}.Debug|x86.ActiveCfg = Debug|Any CPU
		{837988E6-EC7A-4FB4-9FA7-D0BD513F8122}.Debug|x86.Build.0 = Debug|Any CPU
		{837988E6-EC7A-4FB4-9FA7-D0BD513F8122}.Release|Any CPU.ActiveCfg = Release|Any CPU
		{837988E6-EC7A-4FB4-9FA7-D0BD513F8122}.Release|Any CPU.Build.0 = Release|Any CPU
		{837988E6-EC7A-4FB4-9FA7-D0BD513F8122}.Release|x86.ActiveCfg = Release|Any CPU
		{837988E6-EC7A-4FB4-9FA7-D0BD513F8122}.Release|x86.Build.0 = Release|Any CPU
		{F36506E2-9A35-45E9-9ADD-A451BCC7039D}.Debug|Any CPU.ActiveCfg = Debug|Any CPU
		{F36506E2-9A35-45E9-9ADD-A451BCC7039D}.Debug|Any CPU.Build.0 = Debug|Any CPU
		{F36506E2-9A35-45E9-9ADD-A451BCC7039D}.Debug|x86.ActiveCfg = Debug|Any CPU
		{F36506E2-9A35-45E9-9ADD-A451BCC7039D}.Debug|x86.Build.0 = Debug|Any CPU
		{F36506E2-9A35-45E9-9ADD-A451BCC7039D}.Release|Any CPU.ActiveCfg = Release|Any CPU
		{F36506E2-9A35-45E9-9ADD-A451BCC7039D}.Release|Any CPU.Build.0 = Release|Any CPU
		{F36506E2-9A35-45E9-9ADD-A451BCC7039D}.Release|x86.ActiveCfg = Release|Any CPU
		{F36506E2-9A35-45E9-9ADD-A451BCC7039D}.Release|x86.Build.0 = Release|Any CPU
		{057CEF2D-D1E8-40F9-AC89-93C2FC2B7B60}.Debug|Any CPU.ActiveCfg = Debug|Any CPU
		{057CEF2D-D1E8-40F9-AC89-93C2FC2B7B60}.Debug|Any CPU.Build.0 = Debug|Any CPU
		{057CEF2D-D1E8-40F9-AC89-93C2FC2B7B60}.Debug|x86.ActiveCfg = Debug|x86
		{057CEF2D-D1E8-40F9-AC89-93C2FC2B7B60}.Debug|x86.Build.0 = Debug|x86
		{057CEF2D-D1E8-40F9-AC89-93C2FC2B7B60}.Release|Any CPU.ActiveCfg = Release|Any CPU
		{057CEF2D-D1E8-40F9-AC89-93C2FC2B7B60}.Release|Any CPU.Build.0 = Release|Any CPU
		{057CEF2D-D1E8-40F9-AC89-93C2FC2B7B60}.Release|x86.ActiveCfg = Release|x86
		{057CEF2D-D1E8-40F9-AC89-93C2FC2B7B60}.Release|x86.Build.0 = Release|x86
		{39B8D148-4227-41FA-80BA-70665D8760DD}.Debug|Any CPU.ActiveCfg = Debug|Any CPU
		{39B8D148-4227-41FA-80BA-70665D8760DD}.Debug|Any CPU.Build.0 = Debug|Any CPU
		{39B8D148-4227-41FA-80BA-70665D8760DD}.Debug|x86.ActiveCfg = Debug|Any CPU
		{39B8D148-4227-41FA-80BA-70665D8760DD}.Debug|x86.Build.0 = Debug|Any CPU
		{39B8D148-4227-41FA-80BA-70665D8760DD}.Release|Any CPU.ActiveCfg = Release|Any CPU
		{39B8D148-4227-41FA-80BA-70665D8760DD}.Release|Any CPU.Build.0 = Release|Any CPU
		{39B8D148-4227-41FA-80BA-70665D8760DD}.Release|x86.ActiveCfg = Release|Any CPU
		{39B8D148-4227-41FA-80BA-70665D8760DD}.Release|x86.Build.0 = Release|Any CPU
	EndGlobalSection
	GlobalSection(SolutionProperties) = preSolution
		HideSolutionNode = FALSE
	EndGlobalSection
EndGlobal
